{
  "version": "3",
  "packages": {
    "specifiers": {
      "npm:@types/node": "npm:@types/node@18.16.19",
      "npm:iconv-lite": "npm:iconv-lite@0.6.2",
      "npm:id3-parser": "npm:id3-parser@3.0.0",
      "npm:id3-tag-reader": "npm:id3-tag-reader@1.0.2",
      "npm:jsmediatags": "npm:jsmediatags@3.9.7",
      "npm:koi8-r": "npm:koi8-r@3.0.4",
      "npm:node-id3": "npm:node-id3@0.2.6"
    },
    "npm": {
      "@types/node@18.16.19": {
        "integrity": "sha512-IXl7o+R9iti9eBW4Wg2hx1xQDig183jj7YLn8F7udNceyfkbn1ZxmzZXuak20gR40D7pIkIY1kYGx5VIGbaHKA==",
        "dependencies": {}
      },
      "append-field@1.0.0": {
        "integrity": "sha512-klpgFSWLW1ZEs8svjfb7g4qWY0YS5imI82dTg+QahUvJ8YqAY0P10Uk8tTyh9ZGuYEZEMaeJYCF5BFuX552hsw==",
        "dependencies": {}
      },
      "buffer-from@1.1.2": {
        "integrity": "sha512-E+XQCRwSbaaiChtv6k6Dwgc+bx+Bs6vuKJHHl5kox/BaKbhiXzqQOwK4cO22yElGp2OCmjwVhT3HmxgyPGnJfQ==",
        "dependencies": {}
      },
      "busboy@0.2.14": {
        "integrity": "sha512-InWFDomvlkEj+xWLBfU3AvnbVYqeTWmQopiW0tWWEy5yehYm2YkGEc59sUmw/4ty5Zj/b0WHGs1LgecuBSBGrg==",
        "dependencies": {
          "dicer": "dicer@0.2.5",
          "readable-stream": "readable-stream@1.1.14"
        }
      },
      "concat-stream@1.6.2": {
        "integrity": "sha512-27HBghJxjiZtIk3Ycvn/4kbJk/1uZuJFfuPEns6LaEvpvG1f0hTea8lilrouyo9mVc2GWdcEZ8OLoGmSADlrCw==",
        "dependencies": {
          "buffer-from": "buffer-from@1.1.2",
          "inherits": "inherits@2.0.4",
          "readable-stream": "readable-stream@2.3.8",
          "typedarray": "typedarray@0.0.6"
        }
      },
      "core-util-is@1.0.3": {
        "integrity": "sha512-ZQBvi1DcpJ4GDqanjucZ2Hj3wEO5pZDS89BWbkcrvdxksJorwUDDZamX9ldFkp9aw2lmBDLgkObEA4DWNJ9FYQ==",
        "dependencies": {}
      },
      "dicer@0.2.5": {
        "integrity": "sha512-FDvbtnq7dzlPz0wyYlOExifDEZcu8h+rErEXgfxqmLfRfC/kJidEFh4+effJRO3P0xmfqyPbSMG0LveNRfTKVg==",
        "dependencies": {
          "readable-stream": "readable-stream@1.1.14",
          "streamsearch": "streamsearch@0.1.2"
        }
      },
      "ee-first@1.1.1": {
        "integrity": "sha512-WMwm9LhRUo+WUaRN+vRuETqG89IgZphVSNkdFgeb6sS/E4OrDIN7t48CAewSHXc6C8lefD8KKfr5vY61brQlow==",
        "dependencies": {}
      },
      "iconv-lite@0.6.2": {
        "integrity": "sha512-2y91h5OpQlolefMPmUlivelittSWy0rP+oYVpn6A7GwVHNE8AWzoYOBNmlwks3LobaJxgHCYZAnyNo2GgpNRNQ==",
        "dependencies": {
          "safer-buffer": "safer-buffer@2.1.2"
        }
      },
      "id3-parser@3.0.0": {
        "integrity": "sha512-ubxxh6inGy2VM4N3L1F8uFQXKgKoFgFuT3BSEg7e+5bbSu7pw91tQqxVhUdJVg3jbzZYZJFaej29o8shfJ/GGg==",
        "dependencies": {}
      },
      "id3-tag-reader@1.0.2": {
        "integrity": "sha512-9V93au9F2Cg8xeAw5GA1b2QzWYLLjTI8pjpCwF93L6trhpYfSB+oqKb3oB7wuo36CrY5eP4B3ptlmfq4Rwc21g==",
        "dependencies": {
          "multer": "multer@1.4.4"
        }
      },
      "inherits@2.0.4": {
        "integrity": "sha512-k/vGaX4/Yla3WzyMCvTQOXYeIHvqOKtnqBduzTHpzpQZzAskKMhZ2K+EnBiSM9zGSoIFeMpXKxa4dYeZIQqewQ==",
        "dependencies": {}
      },
      "isarray@0.0.1": {
        "integrity": "sha512-D2S+3GLxWH+uhrNEcoh/fnmYeP8E8/zHl644d/jdA0g2uyXvy3sb0qxotE+ne0LtccHknQzWwZEzhak7oJ0COQ==",
        "dependencies": {}
      },
      "isarray@1.0.0": {
        "integrity": "sha512-VLghIWNM6ELQzo7zwmcg0NmTVyWKYjvIeM83yjp0wRDTmUnrM678fQbcKBo6n2CJEF0szoG//ytg+TKla89ALQ==",
        "dependencies": {}
      },
      "jsmediatags@3.9.7": {
        "integrity": "sha512-xCAO8C3li3t5hYkXqn8iv8zQQUB4T1QqRN2aSONHMls21ICdEvXi4xtb6W70/fAFYSDwMHd32hIqvo4YuXoNcQ==",
        "dependencies": {
          "xhr2": "xhr2@0.1.4"
        }
      },
      "koi8-r@3.0.4": {
        "integrity": "sha512-CEL8nRrSPb6AXfL0w8XjG3cnQkBm/N7srWXx/smGL+7U+bBb87pdz/MrDrOuSpG+YemfYMXlSl2d91oGpeooSA==",
        "dependencies": {}
      },
      "media-typer@0.3.0": {
        "integrity": "sha512-dq+qelQ9akHpcOl/gUVRTxVIOkAJ1wR3QAvb4RsVjS8oVoFjDGTc679wJYmUmknUF5HwMLOgb5O+a3KxfWapPQ==",
        "dependencies": {}
      },
      "mime-db@1.52.0": {
        "integrity": "sha512-sPU4uV7dYlvtWJxwwxHD0PuihVNiE7TyAbQ5SWxDCB9mUYvOgroQOwYQQOKPJ8CIbE+1ETVlOoK1UC2nU3gYvg==",
        "dependencies": {}
      },
      "mime-types@2.1.35": {
        "integrity": "sha512-ZDY+bPm5zTTF+YpCrAU9nK0UgICYPT0QtT1NZWFv4s++TNkcgVaT0g6+4R2uI4MjQjzysHB1zxuWL50hzaeXiw==",
        "dependencies": {
          "mime-db": "mime-db@1.52.0"
        }
      },
      "minimist@1.2.8": {
        "integrity": "sha512-2yyAR8qBkN3YuheJanUpWC5U3bb5osDywNB8RzDVlDwDHbocAJveqqj1u8+SVD7jkWT4yvsHCpWqqWqAxb0zCA==",
        "dependencies": {}
      },
      "mkdirp@0.5.6": {
        "integrity": "sha512-FP+p8RB8OWpF3YZBCrP5gtADmtXApB5AMLn+vdyA+PyxCjrCs00mjyUozssO33cwDeT3wNGdLxJ5M//YqtHAJw==",
        "dependencies": {
          "minimist": "minimist@1.2.8"
        }
      },
      "multer@1.4.4": {
        "integrity": "sha512-2wY2+xD4udX612aMqMcB8Ws2Voq6NIUPEtD1be6m411T4uDH/VtL9i//xvcyFlTVfRdaBsk7hV5tgrGQqhuBiw==",
        "dependencies": {
          "append-field": "append-field@1.0.0",
          "busboy": "busboy@0.2.14",
          "concat-stream": "concat-stream@1.6.2",
          "mkdirp": "mkdirp@0.5.6",
          "object-assign": "object-assign@4.1.1",
          "on-finished": "on-finished@2.4.1",
          "type-is": "type-is@1.6.18",
          "xtend": "xtend@4.0.2"
        }
      },
      "node-id3@0.2.6": {
        "integrity": "sha512-w8GuKXLlPpDjTxLowCt/uYMhRQzED3cg2GdSG1i6RSGKeDzPvxlXeLQuQInKljahPZ0aDnmyX7FX8BbJOM7REg==",
        "dependencies": {
          "iconv-lite": "iconv-lite@0.6.2"
        }
      },
      "object-assign@4.1.1": {
        "integrity": "sha512-rJgTQnkUnH1sFw8yT6VSU3zD3sWmu6sZhIseY8VX+GRu3P6F7Fu+JNDoXfklElbLJSnc3FUQHVe4cU5hj+BcUg==",
        "dependencies": {}
      },
      "on-finished@2.4.1": {
        "integrity": "sha512-oVlzkg3ENAhCk2zdv7IJwd/QUD4z2RxRwpkcGY8psCVcCYZNq4wYnVWALHM+brtuJjePWiYF/ClmuDr8Ch5+kg==",
        "dependencies": {
          "ee-first": "ee-first@1.1.1"
        }
      },
      "process-nextick-args@2.0.1": {
        "integrity": "sha512-3ouUOpQhtgrbOa17J7+uxOTpITYWaGP7/AhoR3+A+/1e9skrzelGi/dXzEYyvbxubEF6Wn2ypscTKiKJFFn1ag==",
        "dependencies": {}
      },
      "readable-stream@1.1.14": {
        "integrity": "sha512-+MeVjFf4L44XUkhM1eYbD8fyEsxcV81pqMSR5gblfcLCHfZvbrqy4/qYHE+/R5HoBUT11WV5O08Cr1n3YXkWVQ==",
        "dependencies": {
          "core-util-is": "core-util-is@1.0.3",
          "inherits": "inherits@2.0.4",
          "isarray": "isarray@0.0.1",
          "string_decoder": "string_decoder@0.10.31"
        }
      },
      "readable-stream@2.3.8": {
        "integrity": "sha512-8p0AUk4XODgIewSi0l8Epjs+EVnWiK7NoDIEGU0HhE7+ZyY8D1IMY7odu5lRrFXGg71L15KG8QrPmum45RTtdA==",
        "dependencies": {
          "core-util-is": "core-util-is@1.0.3",
          "inherits": "inherits@2.0.4",
          "isarray": "isarray@1.0.0",
          "process-nextick-args": "process-nextick-args@2.0.1",
          "safe-buffer": "safe-buffer@5.1.2",
          "string_decoder": "string_decoder@1.1.1",
          "util-deprecate": "util-deprecate@1.0.2"
        }
      },
      "safe-buffer@5.1.2": {
        "integrity": "sha512-Gd2UZBJDkXlY7GbJxfsE8/nvKkUEU1G38c1siN6QP6a9PT9MmHB8GnpscSmMJSoF8LOIrt8ud/wPtojys4G6+g==",
        "dependencies": {}
      },
      "safer-buffer@2.1.2": {
        "integrity": "sha512-YZo3K82SD7Riyi0E1EQPojLz7kpepnSQI9IyPbHHg1XXXevb5dJI7tpyN2ADxGcQbHG7vcyRHk0cbwqcQriUtg==",
        "dependencies": {}
      },
      "streamsearch@0.1.2": {
        "integrity": "sha512-jos8u++JKm0ARcSUTAZXOVC0mSox7Bhn6sBgty73P1f3JGf7yG2clTbBNHUdde/kdvP2FESam+vM6l8jBrNxHA==",
        "dependencies": {}
      },
      "string_decoder@0.10.31": {
        "integrity": "sha512-ev2QzSzWPYmy9GuqfIVildA4OdcGLeFZQrq5ys6RtiuF+RQQiZWr8TZNyAcuVXyQRYfEO+MsoB/1BuQVhOJuoQ==",
        "dependencies": {}
      },
      "string_decoder@1.1.1": {
        "integrity": "sha512-n/ShnvDi6FHbbVfviro+WojiFzv+s8MPMHBczVePfUpDJLwoLT0ht1l4YwBCbi8pJAveEEdnkHyPyTP/mzRfwg==",
        "dependencies": {
          "safe-buffer": "safe-buffer@5.1.2"
        }
      },
      "type-is@1.6.18": {
        "integrity": "sha512-TkRKr9sUTxEH8MdfuCSP7VizJyzRNMjj2J2do2Jr3Kym598JVdEksuzPQCnlFPW4ky9Q+iA+ma9BGm06XQBy8g==",
        "dependencies": {
          "media-typer": "media-typer@0.3.0",
          "mime-types": "mime-types@2.1.35"
        }
      },
      "typedarray@0.0.6": {
        "integrity": "sha512-/aCDEGatGvZ2BIk+HmLf4ifCJFwvKFNb9/JeZPMulfgFracn9QFcAf5GO8B/mweUjSoblS5In0cWhqpfs/5PQA==",
        "dependencies": {}
      },
      "util-deprecate@1.0.2": {
        "integrity": "sha512-EPD5q1uXyFxJpCrLnCc1nHnq3gOa6DZBocAIiI2TaSCA7VCJ1UJDMagCzIkXNsUYfD1daK//LTEQ8xiIbrHtcw==",
        "dependencies": {}
      },
      "xhr2@0.1.4": {
        "integrity": "sha512-3QGhDryRzTbIDj+waTRvMBe8SyPhW79kz3YnNb+HQt/6LPYQT3zT3Jt0Y8pBofZqQX26x8Ecfv0FXR72uH5VpA==",
        "dependencies": {}
      },
      "xtend@4.0.2": {
        "integrity": "sha512-LKYU1iAXJXUgAXn9URjiu+MWhyUXHsvfp7mcuYm9dSUKK0/CjtrUwFAxD82/mCWbtLsGjFIad0wIsod4zrTAEQ==",
        "dependencies": {}
      }
    }
  },
  "redirects": {
    "https://deno.land/std/fs/ensure_file.ts": "https://deno.land/std@0.204.0/fs/ensure_file.ts",
    "https://deno.land/std/fs/mod.ts": "https://deno.land/std@0.204.0/fs/mod.ts",
    "https://deno.land/std/path/mod.ts": "https://deno.land/std@0.204.0/path/mod.ts",
    "https://deno.land/x/crayon/mod.ts": "https://deno.land/x/crayon@3.3.3/mod.ts",
    "https://deno.land/x/csv/mod.ts": "https://deno.land/x/csv@v0.9.2/mod.ts",
    "https://deno.land/x/deno_dom/deno-dom-wasm.ts": "https://deno.land/x/deno_dom@v0.1.41-alpha-artifacts/deno-dom-wasm.ts",
    "https://deno.land/x/recursive_readdir/mod.ts": "https://deno.land/x/recursive_readdir@v2.0.0/mod.ts",
    "https://deno.land/x/tui/mod.ts": "https://deno.land/x/tui@2.1.4/mod.ts",
    "https://deno.land/x/tui/src/components/mod.ts": "https://deno.land/x/tui@2.1.4/src/components/mod.ts"
  },
  "remote": {
    "https://deno.land/std@0.162.0/_util/assert.ts": "e94f2eb37cebd7f199952e242c77654e43333c1ac4c5c700e929ea3aa5489f74",
    "https://deno.land/std@0.162.0/bytes/bytes_list.ts": "aba5e2369e77d426b10af1de0dcc4531acecec27f9b9056f4f7bfbf8ac147ab4",
    "https://deno.land/std@0.162.0/bytes/equals.ts": "3c3558c3ae85526f84510aa2b48ab2ad7bdd899e2e0f5b7a8ffc85acb3a6043a",
    "https://deno.land/std@0.162.0/bytes/mod.ts": "b2e342fd3669176a27a4e15061e9d588b89c1aaf5008ab71766e23669565d179",
    "https://deno.land/std@0.162.0/fmt/colors.ts": "9e36a716611dcd2e4865adea9c4bec916b5c60caad4cdcdc630d4974e6bb8bd4",
    "https://deno.land/std@0.162.0/io/buffer.ts": "fae02290f52301c4e0188670e730cd902f9307fb732d79c4aa14ebdc82497289",
    "https://deno.land/std@0.162.0/streams/conversion.ts": "555c6c249f3acf85655f2d0af52d1cb3168e40b1c1fa26beefea501b333abe28",
    "https://deno.land/std@0.173.0/_util/asserts.ts": "178dfc49a464aee693a7e285567b3d0b555dc805ff490505a8aae34f9cfb1462",
    "https://deno.land/std@0.173.0/_util/os.ts": "d932f56d41e4f6a6093d56044e29ce637f8dcc43c5a90af43504a889cf1775e3",
    "https://deno.land/std@0.173.0/bytes/index_of_needle.ts": "65c939607df609374c4415598fa4dad04a2f14c4d98cd15775216f0aaf597f24",
    "https://deno.land/std@0.173.0/encoding/base64.ts": "7de04c2f8aeeb41453b09b186480be90f2ff357613b988e99fabb91d2eeceba1",
    "https://deno.land/std@0.173.0/encoding/base64url.ts": "3f1178f6446834457b16bfde8b559c1cd3481727fe384d3385e4a9995dc2d851",
    "https://deno.land/std@0.173.0/node/_core.ts": "8667bf9129cdcbaac6f5c14f4def45ca954928baaa697a0ffdb0ee1556d4c644",
    "https://deno.land/std@0.173.0/node/_utils.ts": "7fd55872a0cf9275e3c080a60e2fa6d45b8de9e956ebcde9053e72a344185884",
    "https://deno.land/std@0.173.0/node/buffer.ts": "85617be2063eccaf177dbb84c7580d1e32023724ed14bd9df4e453b152a26167",
    "https://deno.land/std@0.173.0/node/internal/buffer.mjs": "e92303a3cc6d9aaabcd270a937ad9319825d9ba08cb332650944df4562029b27",
    "https://deno.land/std@0.173.0/node/internal/crypto/_keys.ts": "8f3c3b5a141aa0331a53c205e9338655f1b3b307a08085fd6ff6dda6f7c4190b",
    "https://deno.land/std@0.173.0/node/internal/crypto/constants.ts": "544d605703053218499b08214f2e25cf4310651d535b7ab995891c4b7a217693",
    "https://deno.land/std@0.173.0/node/internal/error_codes.ts": "8495e33f448a484518d76fa3d41d34fc20fe03c14b30130ad8e936b0035d4b8b",
    "https://deno.land/std@0.173.0/node/internal/errors.ts": "1c699b8a3cb93174f697a348c004b1c6d576b66688eac8a48ebb78e65c720aae",
    "https://deno.land/std@0.173.0/node/internal/hide_stack_frames.ts": "9dd1bad0a6e62a1042ce3a51eb1b1ecee2f246907bff44835f86e8f021de679a",
    "https://deno.land/std@0.173.0/node/internal/idna.ts": "034043ac9273eb5ba83112c926dba1777775f1eca40e021c8703cd1720bedd9f",
    "https://deno.land/std@0.173.0/node/internal/normalize_encoding.mjs": "fd1d9df61c44d7196432f6e8244621468715131d18cc79cd299fc78ac549f707",
    "https://deno.land/std@0.173.0/node/internal/primordials.mjs": "a72d86b5aa55d3d50b8e916b6a59b7cc0dc5a31da8937114b4a113ad5aa08c74",
    "https://deno.land/std@0.173.0/node/internal/querystring.ts": "479f30c136555dc3b6f09af7d0de8a70c753035c1d5b57acc696722028788323",
    "https://deno.land/std@0.173.0/node/internal/util.mjs": "f7fe2e1ca5e66f550ad0856b9f5ee4d666f0c071fe212ea7fc7f37cfa81f97a5",
    "https://deno.land/std@0.173.0/node/internal/util/inspect.mjs": "11d7c9cab514b8e485acc3978c74b837263ff9c08ae4537fa18ad56bae633259",
    "https://deno.land/std@0.173.0/node/internal/util/types.ts": "4f3625ea39111eaae1443c834e769b0c5ce9ea33b31d5a853b02af6a78105178",
    "https://deno.land/std@0.173.0/node/internal/validators.mjs": "e02f2b02dd072a5d623970292588d541204dc82207b4c58985d933a5f4b382e6",
    "https://deno.land/std@0.173.0/node/internal_binding/_libuv_winerror.ts": "30c9569603d4b97a1f1a034d88a3f74800d5ea1f12fcc3d225c9899d4e1a518b",
    "https://deno.land/std@0.173.0/node/internal_binding/_node.ts": "cb2389b0eab121df99853eb6a5e3a684e4537e065fb8bf2cca0cbf219ce4e32e",
    "https://deno.land/std@0.173.0/node/internal_binding/_utils.ts": "7c58a2fbb031a204dee9583ba211cf9c67922112fe77e7f0b3226112469e9fe1",
    "https://deno.land/std@0.173.0/node/internal_binding/_winerror.ts": "3e8cfdfe22e89f13d2b28529bab35155e6b1730c0221ec5a6fc7077dc037be13",
    "https://deno.land/std@0.173.0/node/internal_binding/buffer.ts": "31729e0537921d6c730ad0afea44a7e8a0a1044d070ade8368226cb6f7390c8b",
    "https://deno.land/std@0.173.0/node/internal_binding/constants.ts": "21ff9d1ee71d0a2086541083a7711842fc6ae25e264dbf45c73815aadce06f4c",
    "https://deno.land/std@0.173.0/node/internal_binding/string_decoder.ts": "54c3c1cbd5a9254881be58bf22637965dc69535483014dab60487e299cb95445",
    "https://deno.land/std@0.173.0/node/internal_binding/types.ts": "5a658bf08975af30d0fad6fa6247274379be26ba3f023425bec03e61c74083ef",
    "https://deno.land/std@0.173.0/node/internal_binding/util.ts": "808ff3b92740284184ab824adfc420e75398c88c8bccf5111f0c24ac18c48f10",
    "https://deno.land/std@0.173.0/node/internal_binding/uv.ts": "eb0048e30af4db407fb3f95563e30d70efd6187051c033713b0a5b768593a3a3",
    "https://deno.land/std@0.173.0/node/path.ts": "1c6aa9101554136525b368e8280f0f78136d4071dd71ad3a70477f27d9e4dd91",
    "https://deno.land/std@0.173.0/node/path/_constants.ts": "2e2f68b8679cbf0ef118de8e5719e90cfb091de17d4a7c026c911b6772e6a247",
    "https://deno.land/std@0.173.0/node/path/_interface.ts": "c67d76726d0f86ea62ec68d17f11d50680c4659a60a0ea6dcd2488109435b4ce",
    "https://deno.land/std@0.173.0/node/path/_util.ts": "44deaf5bbd947eafb3439ea7208d0625e231c5f55c421fe83f5ef91218dcd28c",
    "https://deno.land/std@0.173.0/node/path/common.ts": "ee7505ab01fd22de3963b64e46cff31f40de34f9f8de1fff6a1bd2fe79380000",
    "https://deno.land/std@0.173.0/node/path/glob.ts": "b5fc2aed74aa7511cfd07d52dcd595cc18cd7ca431326a664e735d8905d85ce8",
    "https://deno.land/std@0.173.0/node/path/mod.ts": "cad27b16a7a3a8c2bb3ad1ba68a63d11e4fb616d63fd55c95e399a0a3a927be2",
    "https://deno.land/std@0.173.0/node/path/posix.ts": "a066e77f554358a82b4a693726faa41932f02f5bcd520f07afb6b2372e62484d",
    "https://deno.land/std@0.173.0/node/path/separator.ts": "5cfefe182e88bc8138022475703a9b39b13250c79bf234cdc6e3be9afd639662",
    "https://deno.land/std@0.173.0/node/path/win32.ts": "3a1b21948e0063cf1ac1c6834ef3ed633b5405f107be01aadfaedd2088b57eef",
    "https://deno.land/std@0.173.0/node/querystring.ts": "2dce8068cb80ce2bf503aecd888be1b89827288352b6581e0fc401886d56cd86",
    "https://deno.land/std@0.173.0/node/url.ts": "f8c6656f32728a447705a273e3d8a5118631c0b6560d13fc613901ec9a3f69d0",
    "https://deno.land/std@0.173.0/path/_constants.ts": "e49961f6f4f48039c0dfed3c3f93e963ca3d92791c9d478ac5b43183413136e0",
    "https://deno.land/std@0.195.0/assert/assert.ts": "9a97dad6d98c238938e7540736b826440ad8c1c1e54430ca4c4e623e585607ee",
    "https://deno.land/std@0.195.0/assert/assertion_error.ts": "4d0bde9b374dfbcbe8ac23f54f567b77024fb67dbb1906a852d67fe050d42f56",
    "https://deno.land/std@0.195.0/bytes/bytes_list.ts": "31d664f4d42fa922066405d0e421c56da89d751886ee77bbe25a88bf0310c9d0",
    "https://deno.land/std@0.195.0/bytes/concat.ts": "d26d6f3d7922e6d663dacfcd357563b7bf4a380ce5b9c2bbe0c8586662f25ce2",
    "https://deno.land/std@0.195.0/bytes/copy.ts": "939d89e302a9761dcf1d9c937c7711174ed74c59eef40a1e4569a05c9de88219",
    "https://deno.land/std@0.195.0/bytes/ends_with.ts": "4228811ebc71615d27f065c54b5e815ec1972538772b0f413c0efe05245b472e",
    "https://deno.land/std@0.195.0/bytes/equals.ts": "fc190cce412b2136979181b163ec7e05f7e7a947e39102eee4b8c0d62519ddf9",
    "https://deno.land/std@0.195.0/bytes/includes_needle.ts": "76a8163126fb2f8bf86fd7f22192c3bb04bf6a20b987a095127c2ca08adf3ba6",
    "https://deno.land/std@0.195.0/bytes/index_of_needle.ts": "9c06610e9611b5647ac25952e71a22e09227c9f1b8cbeeb33399bf8bf8a7f649",
    "https://deno.land/std@0.195.0/bytes/last_index_of_needle.ts": "f1602f221c3b678bc4f1e1c88a70a15ab7da32c21751dbbc6c957c956951d784",
    "https://deno.land/std@0.195.0/bytes/mod.ts": "e869bba1e7a2e3a9cc6c2d55471888429a544e70a840c087672e656e7ba21815",
    "https://deno.land/std@0.195.0/bytes/repeat.ts": "6f5e490d8d72bcbf8d84a6bb04690b9b3eb5822c5a11687bca73a2318a842294",
    "https://deno.land/std@0.195.0/bytes/starts_with.ts": "3e607a70c9c09f5140b7a7f17a695221abcc7244d20af3eb47ccbb63f5885135",
    "https://deno.land/std@0.195.0/fmt/colors.ts": "a7eecffdf3d1d54db890723b303847b6e0a1ab4b528ba6958b8f2e754cf1b3bc",
    "https://deno.land/std@0.195.0/fs/exists.ts": "29c26bca8584a22876be7cb8844f1b6c8fc35e9af514576b78f5c6884d7ed02d",
    "https://deno.land/std@0.195.0/io/buf_writer.ts": "48c33c8f00b61dcbc7958706741cec8e59810bd307bc6a326cbd474fe8346dfd",
    "https://deno.land/std@0.195.0/log/handlers.ts": "38871ecbfa67b0d39dc3384210439ac9a13cba6118b912236f9011b5989b9a4d",
    "https://deno.land/std@0.195.0/log/levels.ts": "6309147664e9e008cd6671610f2505c4c95f181f6bae4816a84b33e0aec66859",
    "https://deno.land/std@0.195.0/log/logger.ts": "257ceb47e3f5f872068073de9809b015a7400e8d86dd40563c1d80169e578f71",
    "https://deno.land/std@0.195.0/log/mod.ts": "cc1989f3290b792271f41f4cba392a367520564efbc892be1e00dee423ccd3d9",
    "https://deno.land/std@0.195.0/streams/_common.ts": "f45cba84f0d813de3326466095539602364a9ba521f804cc758f7a475cda692d",
    "https://deno.land/std@0.195.0/streams/iterate_reader.ts": "bbec1d45c2df2c0c5920bad0549351446fdc8e0886d99e95959b259dbcdb6072",
    "https://deno.land/std@0.202.0/assert/assert.ts": "9a97dad6d98c238938e7540736b826440ad8c1c1e54430ca4c4e623e585607ee",
    "https://deno.land/std@0.202.0/assert/assertion_error.ts": "4d0bde9b374dfbcbe8ac23f54f567b77024fb67dbb1906a852d67fe050d42f56",
    "https://deno.land/std@0.202.0/flags/mod.ts": "0948466fc437f017f00c0b972a422b3dc3317a790bcf326429d23182977eaf9f",
    "https://deno.land/std@0.204.0/assert/assert.ts": "9a97dad6d98c238938e7540736b826440ad8c1c1e54430ca4c4e623e585607ee",
    "https://deno.land/std@0.204.0/assert/assertion_error.ts": "4d0bde9b374dfbcbe8ac23f54f567b77024fb67dbb1906a852d67fe050d42f56",
    "https://deno.land/std@0.204.0/fs/_util.ts": "fbf57dcdc9f7bc8128d60301eece608246971a7836a3bb1e78da75314f08b978",
    "https://deno.land/std@0.204.0/fs/copy.ts": "ca19e4837965914471df38fbd61e16f9e8adfe89f9cffb0c83615c83ea3fc2bf",
    "https://deno.land/std@0.204.0/fs/empty_dir.ts": "0b4a2508232446eed232ad1243dd4b0f07ac503a281633ae1324d1528df70964",
    "https://deno.land/std@0.204.0/fs/ensure_dir.ts": "dc64c4c75c64721d4e3fb681f1382f803ff3d2868f08563ff923fdd20d071c40",
    "https://deno.land/std@0.204.0/fs/ensure_file.ts": "39ac83cc283a20ec2735e956adf5de3e8a3334e0b6820547b5772f71c49ae083",
    "https://deno.land/std@0.204.0/fs/ensure_link.ts": "c15e69c48556d78aae31b83e0c0ece04b7b8bc0951412f5b759aceb6fde7f0ac",
    "https://deno.land/std@0.204.0/fs/ensure_symlink.ts": "b389c8568f0656d145ac7ece472afe710815cccbb2ebfd19da7978379ae143fe",
    "https://deno.land/std@0.204.0/fs/eol.ts": "f1f2eb348a750c34500741987b21d65607f352cf7205f48f4319d417fff42842",
    "https://deno.land/std@0.204.0/fs/exists.ts": "cb59a853d84871d87acab0e7936a4dac11282957f8e195102c5a7acb42546bb8",
    "https://deno.land/std@0.204.0/fs/expand_glob.ts": "52b8b6f5b1fa585c348250da1c80ce5d820746cb4a75d874b3599646f677d3a7",
    "https://deno.land/std@0.204.0/fs/mod.ts": "bc3d0acd488cc7b42627044caf47d72019846d459279544e1934418955ba4898",
    "https://deno.land/std@0.204.0/fs/move.ts": "b4f8f46730b40c32ea3c0bc8eb0fd0e8139249a698883c7b3756424cf19785c9",
    "https://deno.land/std@0.204.0/fs/walk.ts": "a16146724a6aaf9efdb92023a74e9805195c3469900744ce5de4113b07b29779",
    "https://deno.land/std@0.204.0/path/_common/assert_path.ts": "061e4d093d4ba5aebceb2c4da3318bfe3289e868570e9d3a8e327d91c2958946",
    "https://deno.land/std@0.204.0/path/_common/basename.ts": "0d978ff818f339cd3b1d09dc914881f4d15617432ae519c1b8fdc09ff8d3789a",
    "https://deno.land/std@0.204.0/path/_common/common.ts": "9e4233b2eeb50f8b2ae10ecc2108f58583aea6fd3e8907827020282dc2b76143",
    "https://deno.land/std@0.204.0/path/_common/constants.ts": "e49961f6f4f48039c0dfed3c3f93e963ca3d92791c9d478ac5b43183413136e0",
    "https://deno.land/std@0.204.0/path/_common/dirname.ts": "2ba7fb4cc9fafb0f38028f434179579ce61d4d9e51296fad22b701c3d3cd7397",
    "https://deno.land/std@0.204.0/path/_common/format.ts": "11aa62e316dfbf22c126917f5e03ea5fe2ee707386555a8f513d27ad5756cf96",
    "https://deno.land/std@0.204.0/path/_common/from_file_url.ts": "ef1bf3197d2efbf0297a2bdbf3a61d804b18f2bcce45548ae112313ec5be3c22",
    "https://deno.land/std@0.204.0/path/_common/glob_to_reg_exp.ts": "5c3c2b79fc2294ec803d102bd9855c451c150021f452046312819fbb6d4dc156",
    "https://deno.land/std@0.204.0/path/_common/is_glob.ts": "567dce5c6656bdedfc6b3ee6c0833e1e4db2b8dff6e62148e94a917f289c06ad",
    "https://deno.land/std@0.204.0/path/_common/normalize.ts": "2ba7fb4cc9fafb0f38028f434179579ce61d4d9e51296fad22b701c3d3cd7397",
    "https://deno.land/std@0.204.0/path/_common/normalize_string.ts": "88c472f28ae49525f9fe82de8c8816d93442d46a30d6bb5063b07ff8a89ff589",
    "https://deno.land/std@0.204.0/path/_common/relative.ts": "1af19d787a2a84b8c534cc487424fe101f614982ae4851382c978ab2216186b4",
    "https://deno.land/std@0.204.0/path/_common/strip_trailing_separators.ts": "7ffc7c287e97bdeeee31b155828686967f222cd73f9e5780bfe7dfb1b58c6c65",
    "https://deno.land/std@0.204.0/path/_common/to_file_url.ts": "a8cdd1633bc9175b7eebd3613266d7c0b6ae0fb0cff24120b6092ac31662f9ae",
    "https://deno.land/std@0.204.0/path/_interface.ts": "6471159dfbbc357e03882c2266d21ef9afdb1e4aa771b0545e90db58a0ba314b",
    "https://deno.land/std@0.204.0/path/_os.ts": "30b0c2875f360c9296dbe6b7f2d528f0f9c741cecad2e97f803f5219e91b40a2",
    "https://deno.land/std@0.204.0/path/basename.ts": "04bb5ef3e86bba8a35603b8f3b69537112cdd19ce64b77f2522006da2977a5f3",
    "https://deno.land/std@0.204.0/path/common.ts": "f4d061c7d0b95a65c2a1a52439edec393e906b40f1caf4604c389fae7caa80f5",
    "https://deno.land/std@0.204.0/path/dirname.ts": "88a0a71c21debafc4da7a4cd44fd32e899462df458fbca152390887d41c40361",
    "https://deno.land/std@0.204.0/path/extname.ts": "2da4e2490f3b48b7121d19fb4c91681a5e11bd6bd99df4f6f47d7a71bb6ecdf2",
    "https://deno.land/std@0.204.0/path/format.ts": "3457530cc85d1b4bab175f9ae73998b34fd456c830d01883169af0681b8894fb",
    "https://deno.land/std@0.204.0/path/from_file_url.ts": "e7fa233ea1dff9641e8d566153a24d95010110185a6f418dd2e32320926043f8",
    "https://deno.land/std@0.204.0/path/glob.ts": "9c77cf47db1d786e2ebf66670824d03fd84ecc7c807cac24441eb9d5cb6a2986",
    "https://deno.land/std@0.204.0/path/is_absolute.ts": "67232b41b860571c5b7537f4954c88d86ae2ba45e883ee37d3dec27b74909d13",
    "https://deno.land/std@0.204.0/path/join.ts": "98d3d76c819af4a11a81d5ba2dbb319f1ce9d63fc2b615597d4bcfddd4a89a09",
    "https://deno.land/std@0.204.0/path/mod.ts": "2d62a0a8b78a60e8e6f485d881bac6b61d58573b11cf585fb7c8fc50d9b20d80",
    "https://deno.land/std@0.204.0/path/normalize.ts": "aa95be9a92c7bd4f9dc0ba51e942a1973e2b93d266cd74f5ca751c136d520b66",
    "https://deno.land/std@0.204.0/path/parse.ts": "d87ff0deef3fb495bc0d862278ff96da5a06acf0625ca27769fc52ac0d3d6ece",
    "https://deno.land/std@0.204.0/path/posix/_util.ts": "ecf49560fedd7dd376c6156cc5565cad97c1abe9824f4417adebc7acc36c93e5",
    "https://deno.land/std@0.204.0/path/posix/basename.ts": "a630aeb8fd8e27356b1823b9dedd505e30085015407caa3396332752f6b8406a",
    "https://deno.land/std@0.204.0/path/posix/common.ts": "e781d395dc76f6282e3f7dd8de13194abb8b04a82d109593141abc6e95755c8b",
    "https://deno.land/std@0.204.0/path/posix/dirname.ts": "f48c9c42cc670803b505478b7ef162c7cfa9d8e751b59d278b2ec59470531472",
    "https://deno.land/std@0.204.0/path/posix/extname.ts": "ee7f6571a9c0a37f9218fbf510c440d1685a7c13082c348d701396cc795e0be0",
    "https://deno.land/std@0.204.0/path/posix/format.ts": "b94876f77e61bfe1f147d5ccb46a920636cd3cef8be43df330f0052b03875968",
    "https://deno.land/std@0.204.0/path/posix/from_file_url.ts": "b97287a83e6407ac27bdf3ab621db3fccbf1c27df0a1b1f20e1e1b5acf38a379",
    "https://deno.land/std@0.204.0/path/posix/glob.ts": "86c3f06d1c98303613c74650961c3e24bdb871cde2a97c3ae7f0f6d4abbef445",
    "https://deno.land/std@0.204.0/path/posix/is_absolute.ts": "159900a3422d11069d48395568217eb7fc105ceda2683d03d9b7c0f0769e01b8",
    "https://deno.land/std@0.204.0/path/posix/join.ts": "0c0d84bdc344876930126640011ec1b888e6facf74153ffad9ef26813aa2a076",
    "https://deno.land/std@0.204.0/path/posix/mod.ts": "6bfa8a42d85345b12dbe8571028ca2c62d460b6ef968125e498602b43b6cf6b6",
    "https://deno.land/std@0.204.0/path/posix/normalize.ts": "11de90a94ab7148cc46e5a288f7d732aade1d616bc8c862f5560fa18ff987b4b",
    "https://deno.land/std@0.204.0/path/posix/parse.ts": "199208f373dd93a792e9c585352bfc73a6293411bed6da6d3bc4f4ef90b04c8e",
    "https://deno.land/std@0.204.0/path/posix/relative.ts": "e2f230608b0f083e6deaa06e063943e5accb3320c28aef8d87528fbb7fe6504c",
    "https://deno.land/std@0.204.0/path/posix/resolve.ts": "51579d83159d5c719518c9ae50812a63959bbcb7561d79acbdb2c3682236e285",
    "https://deno.land/std@0.204.0/path/posix/separator.ts": "0b6573b5f3269a3164d8edc9cefc33a02dd51003731c561008c8bb60220ebac1",
    "https://deno.land/std@0.204.0/path/posix/to_file_url.ts": "08d43ea839ee75e9b8b1538376cfe95911070a655cd312bc9a00f88ef14967b6",
    "https://deno.land/std@0.204.0/path/posix/to_namespaced_path.ts": "c9228a0e74fd37e76622cd7b142b8416663a9b87db643302fa0926b5a5c83bdc",
    "https://deno.land/std@0.204.0/path/relative.ts": "23d45ede8b7ac464a8299663a43488aad6b561414e7cbbe4790775590db6349c",
    "https://deno.land/std@0.204.0/path/resolve.ts": "5b184efc87155a0af9fa305ff68a109e28de9aee81fc3e77cd01380f19daf867",
    "https://deno.land/std@0.204.0/path/separator.ts": "40a3e9a4ad10bef23bc2cd6c610291b6c502a06237c2c4cd034a15ca78dedc1f",
    "https://deno.land/std@0.204.0/path/to_file_url.ts": "edaafa089e0bce386e1b2d47afe7c72e379ff93b28a5829a5885e4b6c626d864",
    "https://deno.land/std@0.204.0/path/to_namespaced_path.ts": "cf8734848aac3c7527d1689d2adf82132b1618eff3cc523a775068847416b22a",
    "https://deno.land/std@0.204.0/path/windows/_util.ts": "f32b9444554c8863b9b4814025c700492a2b57ff2369d015360970a1b1099d54",
    "https://deno.land/std@0.204.0/path/windows/basename.ts": "8a9dbf7353d50afbc5b221af36c02a72c2d1b2b5b9f7c65bf6a5a2a0baf88ad3",
    "https://deno.land/std@0.204.0/path/windows/common.ts": "e781d395dc76f6282e3f7dd8de13194abb8b04a82d109593141abc6e95755c8b",
    "https://deno.land/std@0.204.0/path/windows/dirname.ts": "5c2aa541384bf0bd9aca821275d2a8690e8238fa846198ef5c7515ce31a01a94",
    "https://deno.land/std@0.204.0/path/windows/extname.ts": "07f4fa1b40d06a827446b3e3bcc8d619c5546b079b8ed0c77040bbef716c7614",
    "https://deno.land/std@0.204.0/path/windows/format.ts": "343019130d78f172a5c49fdc7e64686a7faf41553268961e7b6c92a6d6548edf",
    "https://deno.land/std@0.204.0/path/windows/from_file_url.ts": "d53335c12b0725893d768be3ac6bf0112cc5b639d2deb0171b35988493b46199",
    "https://deno.land/std@0.204.0/path/windows/glob.ts": "0286fb89ecd21db5cbf3b6c79e2b87c889b03f1311e66fb769e6b905d4142332",
    "https://deno.land/std@0.204.0/path/windows/is_absolute.ts": "245b56b5f355ede8664bd7f080c910a97e2169972d23075554ae14d73722c53c",
    "https://deno.land/std@0.204.0/path/windows/join.ts": "e6600bf88edeeef4e2276e155b8de1d5dec0435fd526ba2dc4d37986b2882f16",
    "https://deno.land/std@0.204.0/path/windows/mod.ts": "c3d1a36fbf9f6db1320bcb4fbda8de011d25461be3497105e15cbea1e3726198",
    "https://deno.land/std@0.204.0/path/windows/normalize.ts": "9deebbf40c81ef540b7b945d4ccd7a6a2c5a5992f791e6d3377043031e164e69",
    "https://deno.land/std@0.204.0/path/windows/parse.ts": "120faf778fe1f22056f33ded069b68e12447668fcfa19540c0129561428d3ae5",
    "https://deno.land/std@0.204.0/path/windows/relative.ts": "026855cd2c36c8f28f1df3c6fbd8f2449a2aa21f48797a74700c5d872b86d649",
    "https://deno.land/std@0.204.0/path/windows/resolve.ts": "5ff441ab18a2346abadf778121128ee71bda4d0898513d4639a6ca04edca366b",
    "https://deno.land/std@0.204.0/path/windows/separator.ts": "ae21f27015f10510ed1ac4a0ba9c4c9c967cbdd9d9e776a3e4967553c397bd5d",
    "https://deno.land/std@0.204.0/path/windows/to_file_url.ts": "8e9ea9e1ff364aa06fa72999204229952d0a279dbb876b7b838b2b2fea55cce3",
    "https://deno.land/std@0.204.0/path/windows/to_namespaced_path.ts": "e0f4d4a5e77f28a5708c1a33ff24360f35637ba6d8f103d19661255ef7bfd50d",
    "https://deno.land/x/crayon@3.3.3/mod.ts": "82ad225583a483c4837577971629cddaa22614093af8353da6426b9366de9780",
    "https://deno.land/x/crayon@3.3.3/src/conversions.ts": "9bfd3b1fbe412bcba092890ac558b6beaad4c3aa399cd99d45fadb324d28afd6",
    "https://deno.land/x/crayon@3.3.3/src/crayon.ts": "6b237baa08a31c903436e040afd2228a7fffaa5d11dddc58e3c402f79b3c1d04",
    "https://deno.land/x/crayon@3.3.3/src/styles.ts": "aa588b57b2c0482dc5c6f53109b4287831a9827c0aeef9a88129beae1172c1ee",
    "https://deno.land/x/crayon@3.3.3/src/util.ts": "af8884a917488de76ac0c2b92482093ade74514ece77a4c64e5eb5b0f6ed68e6",
    "https://deno.land/x/csv@v0.9.2/deps.ts": "2dbcf1cf21dade8b2a1abe51fcdfc735e63294f9f06396d33a41bab2e8ee000b",
    "https://deno.land/x/csv@v0.9.2/mod.ts": "2a13285c8716257aa5d6b5021d45c74dcb275eaaa46776106ddf78b071cabd88",
    "https://deno.land/x/csv@v0.9.2/reader.ts": "88b1d0d6d781f51e2cdd0dd9e58447a62f0b6864f937db6b961243f3c6081f7e",
    "https://deno.land/x/csv@v0.9.2/utils.ts": "7f2467acb031244c150774b9d6caa5e8c40f9857031a947c6ad20765c5d7bd20",
    "https://deno.land/x/csv@v0.9.2/writer.ts": "18a46b755cc215695862d3a896b3a7b24b33cb7ee626cbebeb7138193cb7edcf",
    "https://deno.land/x/deno_dom@v0.1.41-alpha-artifacts/build/deno-wasm/deno-wasm.js": "d6841a06342eb6a2798ef28de79ad69c0f2fa349fa04d3ca45e5fcfbf50a9340",
    "https://deno.land/x/deno_dom@v0.1.41-alpha-artifacts/deno-dom-wasm.ts": "a33d160421bbb6e3104285ea5ebf33352b7ad50d82ea8765e3cf65f972b25119",
    "https://deno.land/x/deno_dom@v0.1.41-alpha-artifacts/src/api.ts": "0ff5790f0a3eeecb4e00b7d8fbfa319b165962cf6d0182a65ba90f158d74f7d7",
    "https://deno.land/x/deno_dom@v0.1.41-alpha-artifacts/src/constructor-lock.ts": "59714df7e0571ec7bd338903b1f396202771a6d4d7f55a452936bd0de9deb186",
    "https://deno.land/x/deno_dom@v0.1.41-alpha-artifacts/src/deserialize.ts": "1cf4096678d8afed8ed28dbad690504c4d2c28149ba768b26eacd1416873425b",
    "https://deno.land/x/deno_dom@v0.1.41-alpha-artifacts/src/dom/document-fragment.ts": "1c7352a3c816587ed7fad574b42636198f680f17abc3836fcfe7799b31e7718f",
    "https://deno.land/x/deno_dom@v0.1.41-alpha-artifacts/src/dom/document.ts": "b8f4e4ccabaaa063d6562a0f2f8dea9c0419515d63d8bd79bfde95f7cd64bd93",
    "https://deno.land/x/deno_dom@v0.1.41-alpha-artifacts/src/dom/dom-parser.ts": "609097b426f8c2358f3e5d2bca55ed026cf26cdf86562e94130dfdb0f2537f92",
    "https://deno.land/x/deno_dom@v0.1.41-alpha-artifacts/src/dom/element.ts": "ea4fb3429dd2bfb74bf4ef683069e94d1c52a39f2c125cc926d3dfc8f749d8e2",
    "https://deno.land/x/deno_dom@v0.1.41-alpha-artifacts/src/dom/elements/html-template-element.ts": "740b97a5378c9a14cccf3429299846eda240b613013e2d2d7f20b393897453c2",
    "https://deno.land/x/deno_dom@v0.1.41-alpha-artifacts/src/dom/html-collection.ts": "ae90197f5270c32074926ad6cf30ee07d274d44596c7e413c354880cebce8565",
    "https://deno.land/x/deno_dom@v0.1.41-alpha-artifacts/src/dom/node-list.ts": "4c6e4b4585301d4147addaccd90cb5f5a80e8d6290a1ba7058c5e3dfea16e15d",
    "https://deno.land/x/deno_dom@v0.1.41-alpha-artifacts/src/dom/node.ts": "3069e6fc93ac4111a136ed68199d76673339842b9751610ba06f111ba7dc10a7",
    "https://deno.land/x/deno_dom@v0.1.41-alpha-artifacts/src/dom/selectors/custom-api.ts": "852696bd58e534bc41bd3be9e2250b60b67cd95fd28ed16b1deff1d548531a71",
    "https://deno.land/x/deno_dom@v0.1.41-alpha-artifacts/src/dom/selectors/nwsapi-types.ts": "c43b36c36acc5d32caabaa54fda8c9d239b2b0fcbce9a28efb93c84aa1021698",
    "https://deno.land/x/deno_dom@v0.1.41-alpha-artifacts/src/dom/selectors/nwsapi.js": "985d7d8fc1eabbb88946b47a1c44c1b2d4aa79ff23c21424219f1528fa27a2ff",
    "https://deno.land/x/deno_dom@v0.1.41-alpha-artifacts/src/dom/selectors/selectors.ts": "83eab57be2290fb48e3130533448c93c6c61239f2a2f3b85f1917f80ca0fdc75",
    "https://deno.land/x/deno_dom@v0.1.41-alpha-artifacts/src/dom/selectors/sizzle-types.ts": "78149e2502409989ce861ed636b813b059e16bc267bb543e7c2b26ef43e4798b",
    "https://deno.land/x/deno_dom@v0.1.41-alpha-artifacts/src/dom/selectors/sizzle.js": "c3aed60c1045a106d8e546ac2f85cc82e65f62d9af2f8f515210b9212286682a",
    "https://deno.land/x/deno_dom@v0.1.41-alpha-artifacts/src/dom/utils-types.ts": "96db30e3e4a75b194201bb9fa30988215da7f91b380fca6a5143e51ece2a8436",
    "https://deno.land/x/deno_dom@v0.1.41-alpha-artifacts/src/dom/utils.ts": "55f3e9dc71d6c4a54605888d3f99d26fb0cf9973924709f159252a6933ceeabe",
    "https://deno.land/x/deno_dom@v0.1.41-alpha-artifacts/src/parser.ts": "e06b2300d693e6ae7564e53dfa5c9a9e97fdb8c044c39c52c8b93b5d60860be3",
    "https://deno.land/x/progress@v1.3.9/deps.ts": "83050e627263931d853ba28b7c15c80bf4be912bea7e0d3d13da2bc0aaf7889d",
    "https://deno.land/x/progress@v1.3.9/mod.ts": "ca14ba3c56fc5991c4beee622faeb882e59db8f28d4f5e529ac17b7b07d55741",
    "https://deno.land/x/progress@v1.3.9/multi.ts": "1de7edf67047ba0050edf63229970f2cbf9cd069342fcd29444a3800d4cfdcbc",
    "https://deno.land/x/progress@v1.3.9/time.ts": "f5b302425cef076958c9352030f48a79bd7b54316b4057f99192884b5e140ea0",
    "https://deno.land/x/recursive_readdir@v2.0.0/mod.ts": "521e026015897f04551cc921c619e8c5e69bef161fdc86e7b29a8a85dc8ea1e0",
    "https://deno.land/x/tui@2.1.4/mod.ts": "b32347385f2efc7dd90a9e5f6386fded9bde505e3f1c4b07b8509c77206d15a6",
    "https://deno.land/x/tui@2.1.4/src/canvas/box.ts": "3f6a41af65942b069795d895c2a73d039a83ba35c01b5236ea88d1de65ba3ebf",
    "https://deno.land/x/tui@2.1.4/src/canvas/canvas.ts": "31daa080882956f19f5bf8a6b52f7a946ebc34bdba103b007ce4e73c2b922409",
    "https://deno.land/x/tui@2.1.4/src/canvas/draw_object.ts": "2b8a48f10c343aee61d9dc7f00ea7917119ea41374a994e1db7b5b1ee188f0f8",
    "https://deno.land/x/tui@2.1.4/src/canvas/mod.ts": "9da429bfb1d4f53eed661c3e2a2ae4b610380526597aa5f35a6604b810a83ac7",
    "https://deno.land/x/tui@2.1.4/src/canvas/text.ts": "e6c0f5ecb985a037e55397810bc212bae206240acd3e2b15fb786ae2746abdea",
    "https://deno.land/x/tui@2.1.4/src/component.ts": "d7a35cd1a4bc8a6177b047595c86e1df3418b340701e343ee83a08ac7a8005de",
    "https://deno.land/x/tui@2.1.4/src/components/box.ts": "bc0be923353e6b146dd5275097d5c12606f4e966cf9e1386f5482c2d49320be7",
    "https://deno.land/x/tui@2.1.4/src/components/button.ts": "90128d9f919a4506c2324a2c49c029f7fb7dd4872ea2b7df45505a01c125d660",
    "https://deno.land/x/tui@2.1.4/src/components/checkbox.ts": "d185ceb9a3508b62311fb9b553e4da4282932a763c4494e76f1f221afbf95e9c",
    "https://deno.land/x/tui@2.1.4/src/components/combobox.ts": "3e52c6c41afb12d6721ebe9a2c22cbaa4ccba8f752b018762c866403985eaf33",
    "https://deno.land/x/tui@2.1.4/src/components/frame.ts": "e2f1a5c67a52a3a06243af461f8418ebf68e3c84c9c3ac6a59d6996e88941d11",
    "https://deno.land/x/tui@2.1.4/src/components/input.ts": "e1df616d36b2d1df3202947e2cd5176bc9c7b966219db0ed2cc2932a112b8daf",
    "https://deno.land/x/tui@2.1.4/src/components/label.ts": "c6d82665745a0251f7cfcc50ca96163faf8f82cd4e54fe82f4df9558043d8ef4",
    "https://deno.land/x/tui@2.1.4/src/components/mod.ts": "3b43cf7fe523a877a2fddbb7c42d64db886debe491a6bc664c0d67b1ed3ef9a5",
    "https://deno.land/x/tui@2.1.4/src/components/progressbar.ts": "3e58aa1d00b59149ba6309f4bf23bde6151fcac264ac3294369181cabd9faaba",
    "https://deno.land/x/tui@2.1.4/src/components/slider.ts": "d88565a13eb9f2c55d1343889f0bb9af525edc1bd200c8ba43b5b174efec9cbe",
    "https://deno.land/x/tui@2.1.4/src/components/table.ts": "4c833e62365bc8496045ef49373ed812f03b43e7c8e46365c0c77d233bc3a4cf",
    "https://deno.land/x/tui@2.1.4/src/components/text.ts": "ea9b427d0bd056cded424bebf73ece62c3b7257651db80b82a51482a801a4f4f",
    "https://deno.land/x/tui@2.1.4/src/components/textbox.ts": "c8799b13c0fc8ba22d9a0dcf4d8917abf991f73a8e0475ea07c9638eeb524f8d",
    "https://deno.land/x/tui@2.1.4/src/controls.ts": "1dc43bb0a98ab49d9a139daa27277928d5c507a68191b417f581467b8634f5f7",
    "https://deno.land/x/tui@2.1.4/src/event_emitter.ts": "e4ee1de2037c89952c5c4c54dc336b7992024f0cb41c9e49229944e773386824",
    "https://deno.land/x/tui@2.1.4/src/input.ts": "4ddc4049718847b2f76c2d022b740694ed50f958c2c42bb3a2eacfe0b0d83b0d",
    "https://deno.land/x/tui@2.1.4/src/input_reader/decoders/keyboard.ts": "70d4f54605a650612601e654bc28a5d4260374a893e27b8a86fe7181cb626377",
    "https://deno.land/x/tui@2.1.4/src/input_reader/decoders/mouse.ts": "a119c6261a27fb9b5e1711ba3d5161c45eac5615ea0aa739e4e6bca759434e6e",
    "https://deno.land/x/tui@2.1.4/src/input_reader/mod.ts": "4213a920c69fd51badd1091fe7c61eff1bd1ead32659785c16f976ae377491cc",
    "https://deno.land/x/tui@2.1.4/src/input_reader/types.ts": "c940a6d656b2fbdc051c2e0508f8eeefa322dd16e60fc6a3bac8d1e9337f7d6c",
    "https://deno.land/x/tui@2.1.4/src/layout/errors.ts": "3df98a8f7747657fd252f602b26e9b5ee130dbfb236bcb4b2d2c912d7ae1eef9",
    "https://deno.land/x/tui@2.1.4/src/layout/grid_layout.ts": "7b2fca94d1a074c61d838c36800dca47f518f720c6539a33d0ad674081a29a76",
    "https://deno.land/x/tui@2.1.4/src/layout/horizontal_layout.ts": "e2ea27519c44c124cb228f19d4b14aa314e7db2cc92ef83fccfa146ced29d4e4",
    "https://deno.land/x/tui@2.1.4/src/layout/mod.ts": "65381a8dd7e8f6287742ebeffef866ae98932d16daf3ea3325f0180b37e327b8",
    "https://deno.land/x/tui@2.1.4/src/layout/types.ts": "ebc78ef4adbf802a49f5319474d81183a2b9edc2947443d9f40f23c4730e16f3",
    "https://deno.land/x/tui@2.1.4/src/layout/vertical_layout.ts": "41f1ec4b897a0f45478b6392f0c74d0c010a74693b99f36f532c85d5525dfca0",
    "https://deno.land/x/tui@2.1.4/src/signals/computed.ts": "824428cfda7c9e4a6aed8caee32a9aa62cd257fac9e7ca64d54c99a15ea56019",
    "https://deno.land/x/tui@2.1.4/src/signals/dependency_tracking.ts": "b89e933a912e8c32881e13ba1555201ec22cc0be69600862ff824f72f1bd6d55",
    "https://deno.land/x/tui@2.1.4/src/signals/effect.ts": "b478ca6469a151e93970679108e01a786b6e121023294d15b7293476161ec049",
    "https://deno.land/x/tui@2.1.4/src/signals/flusher.ts": "b47eeca9547a39487bef56ab82272f050883474995d5e92191296aec936180cb",
    "https://deno.land/x/tui@2.1.4/src/signals/lazy_computed.ts": "b4653efd855ce920657510b4cd086c58a8c72be6511465e3234f4e0b134bb9c6",
    "https://deno.land/x/tui@2.1.4/src/signals/lazy_effect.ts": "b8bdebf29d4b5ae204bc8c0300f03d9c60ff097aef28e0df6515665497b919f0",
    "https://deno.land/x/tui@2.1.4/src/signals/mod.ts": "e76b1303c74c257956d29f9169f3f12af410a0e8540c7a467e5405ba839cc431",
    "https://deno.land/x/tui@2.1.4/src/signals/reactivity.ts": "935305443e367b581a88e12f3bae48b6844e66d61a0ad70e35f616cdce524453",
    "https://deno.land/x/tui@2.1.4/src/signals/signal.ts": "5f351000a3316196ac3836fd9f3ef2a708aec85713df720a01c853d4859060be",
    "https://deno.land/x/tui@2.1.4/src/signals/types.ts": "e04d088a849a58d184c30420fec9ab3726985e3bcbe2cdc1b4bbc218fb299dbe",
    "https://deno.land/x/tui@2.1.4/src/theme.ts": "87f3da7e6a5bbbeb04c3c5384069225c244bcce0bac833a87828c5208af07cfc",
    "https://deno.land/x/tui@2.1.4/src/tui.ts": "d6c2b71aabd20f2673d5338bef3c310c322dc8e696850ce26b7519efee3e960b",
    "https://deno.land/x/tui@2.1.4/src/types.ts": "7e39e8c59a1d28e379e54455dd7d7bb1a349191970d9af8d47a74b590e0de401",
    "https://deno.land/x/tui@2.1.4/src/utils/ansi_codes.ts": "be83f249ab09d33b64540adda5191c58580d386cc7627b8d10ea3363c9a6d23d",
    "https://deno.land/x/tui@2.1.4/src/utils/async.ts": "3f3bfe526c05467313237c434bc951a02344935dba61fe7b4e14d818d03ba1ca",
    "https://deno.land/x/tui@2.1.4/src/utils/component.ts": "a7f5396b480c7ed437c5e08ec56c3e5c85a55963ee8520c2e5cc7a185577f1a3",
    "https://deno.land/x/tui@2.1.4/src/utils/mod.ts": "4daef102e2406625f32faf08d238b702a26b3dc87232c35e97a215b9dbf9e781",
    "https://deno.land/x/tui@2.1.4/src/utils/numbers.ts": "9d4322b7a184e111184f37507ccdf0d4a29ee7eb8f2ce8f942f078bd165f8941",
    "https://deno.land/x/tui@2.1.4/src/utils/signals.ts": "a78893aa2e379468df65045a4d1f45e0111237b24e18c19bf5a92b6ee9074c4a",
    "https://deno.land/x/tui@2.1.4/src/utils/sorted_array.ts": "d7b55e9c6489102fbee46d632040449f960f2ed3ae0d6bc3326e6d6ec1450d97",
    "https://deno.land/x/tui@2.1.4/src/utils/strings.ts": "6eff09ec0cf58aee239df3ca41d55f22694cdb4bc73b213a9066f11b65218419",
    "https://deno.land/x/tui@2.1.4/src/view.ts": "77c9dfdb3632f95c2456036c5e30f90cfbbad62cbb4f370cba48b992523aa619",
    "https://dev.jspm.io/npm:@jspm/core@2.0.1/_/57403c48.js": "3fa9c20fb03311a58a652563a4c935f6e7666113d2f725a6458893bfbac75e5f",
    "https://dev.jspm.io/npm:@jspm/core@2.0.1/_/633ae550.js": "65a4b416c1a22251ee020c55496de44a08ae247d4108898dfc0f4753df829fc5",
    "https://dev.jspm.io/npm:@jspm/core@2.0.1/_/8dc3f476.js": "55ff556fbd358ec01e78b1bc31d4d22baf1479046e42ea17f712b58ea96ba535",
    "https://dev.jspm.io/npm:@jspm/core@2.0.1/_/8ddf35de.js": "c05f3a1431f18571f87b59b7d3cda65c8983712c9b424b5574623975dcc68863",
    "https://dev.jspm.io/npm:@jspm/core@2.0.1/_/a17f45f2.js": "a36e172b43861a826c2258b8735525a1b13eb59c198ee808b016586d02dab38f",
    "https://dev.jspm.io/npm:@jspm/core@2.0.1/_/a421dfba.js": "ec016925d8e0ec5e5b56c0847212c1113edce320f5f6920d241ee00ee115d172",
    "https://dev.jspm.io/npm:@jspm/core@2.0.1/_/cb95b980.js": "e20e42c770070c4326cb18192218b59e90a5378cdc57897f0c5f3b99ae054f07",
    "https://dev.jspm.io/npm:@jspm/core@2.0.1/_/e0803811.js": "1f6fe590fd0eeb59d9911633c388a4d97bea171f10ad260bc63b6702eb6d2e25",
    "https://dev.jspm.io/npm:@jspm/core@2.0.1/nodelibs/events": "e5cc37092fddd5ac75814ca2a779eda7977ef43b0b410d90c8f9323f89d80cb4",
    "https://dev.jspm.io/npm:@jspm/core@2.0.1/nodelibs/stream": "bbc5a30284349f7be148a0a9e81fbdf30d52abaf9b155554abce757bdffac50a",
    "https://dev.jspm.io/npm:@jspm/core@2.0.1/nodelibs/util": "f22fa23c828774618e6f8705ce6705f5a4e1d939efc98af445805d6d9a9e4a44",
    "https://dev.jspm.io/npm:@jspm/core@2/nodelibs/stream": "6f2493f1eb38cf746a9583c8eb5b72d69dbdc9adb9cd34e7d013e6561e94d37e",
    "https://dev.jspm.io/npm:jszip@3.5.0/_/89f50b93.js": "e9d17b6105d79a948ba0a0ffb4c4cc5c1ec26f01b97b286a91167fc033916a05"
  }
}
